// !$*UTF8*$!
{
	archiveVersion = 1;
	classes = {
	};
	objectVersion = 56;
	objects = {

/* Begin PBXBuildFile section */
		5CDC5D992AFB262200E71003 /* NavigationSplitViewEx01.swift in Sources */ = {isa = PBXBuildFile; fileRef = 5CDC5D982AFB262200E71003 /* NavigationSplitViewEx01.swift */; };
		5CDC5D9B2AFB2E8E00E71003 /* NavigationSplitViewEx03.swift in Sources */ = {isa = PBXBuildFile; fileRef = 5CDC5D9A2AFB2E8E00E71003 /* NavigationSplitViewEx03.swift */; };
		5CDC5D9E2AFB2EF300E71003 /* TeamCategory.swift in Sources */ = {isa = PBXBuildFile; fileRef = 5CDC5D9D2AFB2EF300E71003 /* TeamCategory.swift */; };
		5CDC5DA12AFB47EA00E71003 /* NavigationSplitViewEx02.swift in Sources */ = {isa = PBXBuildFile; fileRef = 5CDC5DA02AFB47EA00E71003 /* NavigationSplitViewEx02.swift */; };
		5CDF404B2AFB0F6B009040C6 /* NavSplitDemoApp.swift in Sources */ = {isa = PBXBuildFile; fileRef = 5CDF404A2AFB0F6B009040C6 /* NavSplitDemoApp.swift */; };
		5CDF404D2AFB0F6B009040C6 /* ContentView.swift in Sources */ = {isa = PBXBuildFile; fileRef = 5CDF404C2AFB0F6B009040C6 /* ContentView.swift */; };
		5CDF404F2AFB0F6C009040C6 /* Assets.xcassets in Resources */ = {isa = PBXBuildFile; fileRef = 5CDF404E2AFB0F6C009040C6 /* Assets.xcassets */; };
		5CDF40532AFB0F6C009040C6 /* Preview Assets.xcassets in Resources */ = {isa = PBXBuildFile; fileRef = 5CDF40522AFB0F6C009040C6 /* Preview Assets.xcassets */; };
		5CDF405A2AFB0FEC009040C6 /* IconCategory.swift in Sources */ = {isa = PBXBuildFile; fileRef = 5CDF40592AFB0FEC009040C6 /* IconCategory.swift */; };
/* End PBXBuildFile section */

/* Begin PBXFileReference section */
		5CDC5D982AFB262200E71003 /* NavigationSplitViewEx01.swift */ = {isa = PBXFileReference; lastKnownFileType = sourcecode.swift; path = NavigationSplitViewEx01.swift; sourceTree = "<group>"; };
		5CDC5D9A2AFB2E8E00E71003 /* NavigationSplitViewEx03.swift */ = {isa = PBXFileReference; lastKnownFileType = sourcecode.swift; path = NavigationSplitViewEx03.swift; sourceTree = "<group>"; };
		5CDC5D9D2AFB2EF300E71003 /* TeamCategory.swift */ = {isa = PBXFileReference; lastKnownFileType = sourcecode.swift; path = TeamCategory.swift; sourceTree = "<group>"; };
		5CDC5DA02AFB47EA00E71003 /* NavigationSplitViewEx02.swift */ = {isa = PBXFileReference; lastKnownFileType = sourcecode.swift; path = NavigationSplitViewEx02.swift; sourceTree = "<group>"; };
		5CDF40472AFB0F6B009040C6 /* Ch33_NavSplitDemo.app */ = {isa = PBXFileReference; explicitFileType = wrapper.application; includeInIndex = 0; path = Ch33_NavSplitDemo.app; sourceTree = BUILT_PRODUCTS_DIR; };
		5CDF404A2AFB0F6B009040C6 /* NavSplitDemoApp.swift */ = {isa = PBXFileReference; lastKnownFileType = sourcecode.swift; path = NavSplitDemoApp.swift; sourceTree = "<group>"; };
		5CDF404C2AFB0F6B009040C6 /* ContentView.swift */ = {isa = PBXFileReference; lastKnownFileType = sourcecode.swift; path = ContentView.swift; sourceTree = "<group>"; };
		5CDF404E2AFB0F6C009040C6 /* Assets.xcassets */ = {isa = PBXFileReference; lastKnownFileType = folder.assetcatalog; path = Assets.xcassets; sourceTree = "<group>"; };
		5CDF40502AFB0F6C009040C6 /* Ch33_NavSplitDemo.entitlements */ = {isa = PBXFileReference; lastKnownFileType = text.plist.entitlements; path = Ch33_NavSplitDemo.entitlements; sourceTree = "<group>"; };
		5CDF40522AFB0F6C009040C6 /* Preview Assets.xcassets */ = {isa = PBXFileReference; lastKnownFileType = folder.assetcatalog; path = "Preview Assets.xcassets"; sourceTree = "<group>"; };
		5CDF40592AFB0FEC009040C6 /* IconCategory.swift */ = {isa = PBXFileReference; lastKnownFileType = sourcecode.swift; path = IconCategory.swift; sourceTree = "<group>"; };
/* End PBXFileReference section */

/* Begin PBXFrameworksBuildPhase section */
		5CDF40442AFB0F6B009040C6 /* Frameworks */ = {
			isa = PBXFrameworksBuildPhase;
			buildActionMask = 2147483647;
			files = (
			);
			runOnlyForDeploymentPostprocessing = 0;
		};
/* End PBXFrameworksBuildPhase section */

/* Begin PBXGroup section */
		5CDC5D972AFB25EE00E71003 /* NavigationSplitView예제01 */ = {
			isa = PBXGroup;
			children = (
				5CDC5D982AFB262200E71003 /* NavigationSplitViewEx01.swift */,
			);
			name = "NavigationSplitView예제01";
			path = "NavigationSplitView예제01";
			sourceTree = "<group>";
		};
		5CDC5D9C2AFB2E9800E71003 /* NavigationSplitView예제03 */ = {
			isa = PBXGroup;
			children = (
				5CDC5D9A2AFB2E8E00E71003 /* NavigationSplitViewEx03.swift */,
				5CDC5D9D2AFB2EF300E71003 /* TeamCategory.swift */,
			);
			name = "NavigationSplitView예제03";
			path = "NavigationSplitView예제03";
			sourceTree = "<group>";
		};
		5CDC5D9F2AFB47C400E71003 /* NavigationSplitView예제02 */ = {
			isa = PBXGroup;
			children = (
				5CDC5DA02AFB47EA00E71003 /* NavigationSplitViewEx02.swift */,
			);
			name = "NavigationSplitView예제02";
			path = "NavigationSplitView예제02";
			sourceTree = "<group>";
		};
		5CDF403E2AFB0F6A009040C6 = {
			isa = PBXGroup;
			children = (
				5CDF40492AFB0F6B009040C6 /* Ch33_NavSplitDemo */,
				5CDF40482AFB0F6B009040C6 /* Products */,
			);
			sourceTree = "<group>";
		};
		5CDF40482AFB0F6B009040C6 /* Products */ = {
			isa = PBXGroup;
			children = (
				5CDF40472AFB0F6B009040C6 /* Ch33_NavSplitDemo.app */,
			);
			name = Products;
			sourceTree = "<group>";
		};
		5CDF40492AFB0F6B009040C6 /* Ch33_NavSplitDemo */ = {
			isa = PBXGroup;
			children = (
				5CDF404A2AFB0F6B009040C6 /* NavSplitDemoApp.swift */,
				5CDF40592AFB0FEC009040C6 /* IconCategory.swift */,
				5CDF404C2AFB0F6B009040C6 /* ContentView.swift */,
				5CDC5D9F2AFB47C400E71003 /* NavigationSplitView예제02 */,
				5CDC5D9C2AFB2E9800E71003 /* NavigationSplitView예제03 */,
				5CDC5D972AFB25EE00E71003 /* NavigationSplitView예제01 */,
				5CDF404E2AFB0F6C009040C6 /* Assets.xcassets */,
				5CDF40502AFB0F6C009040C6 /* Ch33_NavSplitDemo.entitlements */,
				5CDF40512AFB0F6C009040C6 /* Preview Content */,
			);
			path = Ch33_NavSplitDemo;
			sourceTree = "<group>";
		};
		5CDF40512AFB0F6C009040C6 /* Preview Content */ = {
			isa = PBXGroup;
			children = (
				5CDF40522AFB0F6C009040C6 /* Preview Assets.xcassets */,
			);
			path = "Preview Content";
			sourceTree = "<group>";
		};
/* End PBXGroup section */

/* Begin PBXNativeTarget section */
		5CDF40462AFB0F6B009040C6 /* Ch33_NavSplitDemo */ = {
			isa = PBXNativeTarget;
			buildConfigurationList = 5CDF40562AFB0F6C009040C6 /* Build configuration list for PBXNativeTarget "Ch33_NavSplitDemo" */;
			buildPhases = (
				5CDF40432AFB0F6B009040C6 /* Sources */,
				5CDF40442AFB0F6B009040C6 /* Frameworks */,
				5CDF40452AFB0F6B009040C6 /* Resources */,
			);
			buildRules = (
			);
			dependencies = (
			);
			name = Ch33_NavSplitDemo;
			productName = Ch33_NavSplitDemo;
			productReference = 5CDF40472AFB0F6B009040C6 /* Ch33_NavSplitDemo.app */;
			productType = "com.apple.product-type.application";
		};
/* End PBXNativeTarget section */

/* Begin PBXProject section */
		5CDF403F2AFB0F6A009040C6 /* Project object */ = {
			isa = PBXProject;
			attributes = {
				BuildIndependentTargetsInParallel = 1;
				LastSwiftUpdateCheck = 1500;
				LastUpgradeCheck = 1500;
				TargetAttributes = {
					5CDF40462AFB0F6B009040C6 = {
						CreatedOnToolsVersion = 15.0;
					};
				};
			};
			buildConfigurationList = 5CDF40422AFB0F6A009040C6 /* Build configuration list for PBXProject "Ch33_NavSplitDemo" */;
			compatibilityVersion = "Xcode 14.0";
			developmentRegion = en;
			hasScannedForEncodings = 0;
			knownRegions = (
				en,
				Base,
			);
			mainGroup = 5CDF403E2AFB0F6A009040C6;
			productRefGroup = 5CDF40482AFB0F6B009040C6 /* Products */;
			projectDirPath = "";
			projectRoot = "";
			targets = (
				5CDF40462AFB0F6B009040C6 /* Ch33_NavSplitDemo */,
			);
		};
/* End PBXProject section */

/* Begin PBXResourcesBuildPhase section */
		5CDF40452AFB0F6B009040C6 /* Resources */ = {
			isa = PBXResourcesBuildPhase;
			buildActionMask = 2147483647;
			files = (
				5CDF40532AFB0F6C009040C6 /* Preview Assets.xcassets in Resources */,
				5CDF404F2AFB0F6C009040C6 /* Assets.xcassets in Resources */,
			);
			runOnlyForDeploymentPostprocessing = 0;
		};
/* End PBXResourcesBuildPhase section */

/* Begin PBXSourcesBuildPhase section */
		5CDF40432AFB0F6B009040C6 /* Sources */ = {
			isa = PBXSourcesBuildPhase;
			buildActionMask = 2147483647;
			files = (
				5CDF404D2AFB0F6B009040C6 /* ContentView.swift in Sources */,
				5CDC5D992AFB262200E71003 /* NavigationSplitViewEx01.swift in Sources */,
				5CDC5D9E2AFB2EF300E71003 /* TeamCategory.swift in Sources */,
				5CDC5DA12AFB47EA00E71003 /* NavigationSplitViewEx02.swift in Sources */,
				5CDC5D9B2AFB2E8E00E71003 /* NavigationSplitViewEx03.swift in Sources */,
				5CDF404B2AFB0F6B009040C6 /* NavSplitDemoApp.swift in Sources */,
				5CDF405A2AFB0FEC009040C6 /* IconCategory.swift in Sources */,
			);
			runOnlyForDeploymentPostprocessing = 0;
		};
/* End PBXSourcesBuildPhase section */

/* Begin XCBuildConfiguration section */
		5CDF40542AFB0F6C009040C6 /* Debug */ = {
			isa = XCBuildConfiguration;
			buildSettings = {
				ALWAYS_SEARCH_USER_PATHS = NO;
				ASSETCATALOG_COMPILER_GENERATE_SWIFT_ASSET_SYMBOL_EXTENSIONS = YES;
				CLANG_ANALYZER_NONNULL = YES;
				CLANG_ANALYZER_NUMBER_OBJECT_CONVERSION = YES_AGGRESSIVE;
				CLANG_CXX_LANGUAGE_STANDARD = "gnu++20";
				CLANG_ENABLE_MODULES = YES;
				CLANG_ENABLE_OBJC_ARC = YES;
				CLANG_ENABLE_OBJC_WEAK = YES;
				CLANG_WARN_BLOCK_CAPTURE_AUTORELEASING = YES;
				CLANG_WARN_BOOL_CONVERSION = YES;
				CLANG_WARN_COMMA = YES;
				CLANG_WARN_CONSTANT_CONVERSION = YES;
				CLANG_WARN_DEPRECATED_OBJC_IMPLEMENTATIONS = YES;
				CLANG_WARN_DIRECT_OBJC_ISA_USAGE = YES_ERROR;
				CLANG_WARN_DOCUMENTATION_COMMENTS = YES;
				CLANG_WARN_EMPTY_BODY = YES;
				CLANG_WARN_ENUM_CONVERSION = YES;
				CLANG_WARN_INFINITE_RECURSION = YES;
				CLANG_WARN_INT_CONVERSION = YES;
				CLANG_WARN_NON_LITERAL_NULL_CONVERSION = YES;
				CLANG_WARN_OBJC_IMPLICIT_RETAIN_SELF = YES;
				CLANG_WARN_OBJC_LITERAL_CONVERSION = YES;
				CLANG_WARN_OBJC_ROOT_CLASS = YES_ERROR;
				CLANG_WARN_QUOTED_INCLUDE_IN_FRAMEWORK_HEADER = YES;
				CLANG_WARN_RANGE_LOOP_ANALYSIS = YES;
				CLANG_WARN_STRICT_PROTOTYPES = YES;
				CLANG_WARN_SUSPICIOUS_MOVE = YES;
				CLANG_WARN_UNGUARDED_AVAILABILITY = YES_AGGRESSIVE;
				CLANG_WARN_UNREACHABLE_CODE = YES;
				CLANG_WARN__DUPLICATE_METHOD_MATCH = YES;
				COPY_PHASE_STRIP = NO;
				DEBUG_INFORMATION_FORMAT = dwarf;
				ENABLE_STRICT_OBJC_MSGSEND = YES;
				ENABLE_TESTABILITY = YES;
				ENABLE_USER_SCRIPT_SANDBOXING = YES;
				GCC_C_LANGUAGE_STANDARD = gnu17;
				GCC_DYNAMIC_NO_PIC = NO;
				GCC_NO_COMMON_BLOCKS = YES;
				GCC_OPTIMIZATION_LEVEL = 0;
				GCC_PREPROCESSOR_DEFINITIONS = (
					"DEBUG=1",
					"$(inherited)",
				);
				GCC_WARN_64_TO_32_BIT_CONVERSION = YES;
				GCC_WARN_ABOUT_RETURN_TYPE = YES_ERROR;
				GCC_WARN_UNDECLARED_SELECTOR = YES;
				GCC_WARN_UNINITIALIZED_AUTOS = YES_AGGRESSIVE;
				GCC_WARN_UNUSED_FUNCTION = YES;
				GCC_WARN_UNUSED_VARIABLE = YES;
				LOCALIZATION_PREFERS_STRING_CATALOGS = YES;
				MTL_ENABLE_DEBUG_INFO = INCLUDE_SOURCE;
				MTL_FAST_MATH = YES;
				ONLY_ACTIVE_ARCH = YES;
				SWIFT_ACTIVE_COMPILATION_CONDITIONS = "DEBUG $(inherited)";
				SWIFT_OPTIMIZATION_LEVEL = "-Onone";
			};
			name = Debug;
		};
		5CDF40552AFB0F6C009040C6 /* Release */ = {
			isa = XCBuildConfiguration;
			buildSettings = {
				ALWAYS_SEARCH_USER_PATHS = NO;
				ASSETCATALOG_COMPILER_GENERATE_SWIFT_ASSET_SYMBOL_EXTENSIONS = YES;
				CLANG_ANALYZER_NONNULL = YES;
				CLANG_ANALYZER_NUMBER_OBJECT_CONVERSION = YES_AGGRESSIVE;
				CLANG_CXX_LANGUAGE_STANDARD = "gnu++20";
				CLANG_ENABLE_MODULES = YES;
				CLANG_ENABLE_OBJC_ARC = YES;
				CLANG_ENABLE_OBJC_WEAK = YES;
				CLANG_WARN_BLOCK_CAPTURE_AUTORELEASING = YES;
				CLANG_WARN_BOOL_CONVERSION = YES;
				CLANG_WARN_COMMA = YES;
				CLANG_WARN_CONSTANT_CONVERSION = YES;
				CLANG_WARN_DEPRECATED_OBJC_IMPLEMENTATIONS = YES;
				CLANG_WARN_DIRECT_OBJC_ISA_USAGE = YES_ERROR;
				CLANG_WARN_DOCUMENTATION_COMMENTS = YES;
				CLANG_WARN_EMPTY_BODY = YES;
				CLANG_WARN_ENUM_CONVERSION = YES;
				CLANG_WARN_INFINITE_RECURSION = YES;
				CLANG_WARN_INT_CONVERSION = YES;
				CLANG_WARN_NON_LITERAL_NULL_CONVERSION = YES;
				CLANG_WARN_OBJC_IMPLICIT_RETAIN_SELF = YES;
				CLANG_WARN_OBJC_LITERAL_CONVERSION = YES;
				CLANG_WARN_OBJC_ROOT_CLASS = YES_ERROR;
				CLANG_WARN_QUOTED_INCLUDE_IN_FRAMEWORK_HEADER = YES;
				CLANG_WARN_RANGE_LOOP_ANALYSIS = YES;
				CLANG_WARN_STRICT_PROTOTYPES = YES;
				CLANG_WARN_SUSPICIOUS_MOVE = YES;
				CLANG_WARN_UNGUARDED_AVAILABILITY = YES_AGGRESSIVE;
				CLANG_WARN_UNREACHABLE_CODE = YES;
				CLANG_WARN__DUPLICATE_METHOD_MATCH = YES;
				COPY_PHASE_STRIP = NO;
				DEBUG_INFORMATION_FORMAT = "dwarf-with-dsym";
				ENABLE_NS_ASSERTIONS = NO;
				ENABLE_STRICT_OBJC_MSGSEND = YES;
				ENABLE_USER_SCRIPT_SANDBOXING = YES;
				GCC_C_LANGUAGE_STANDARD = gnu17;
				GCC_NO_COMMON_BLOCKS = YES;
				GCC_WARN_64_TO_32_BIT_CONVERSION = YES;
				GCC_WARN_ABOUT_RETURN_TYPE = YES_ERROR;
				GCC_WARN_UNDECLARED_SELECTOR = YES;
				GCC_WARN_UNINITIALIZED_AUTOS = YES_AGGRESSIVE;
				GCC_WARN_UNUSED_FUNCTION = YES;
				GCC_WARN_UNUSED_VARIABLE = YES;
				LOCALIZATION_PREFERS_STRING_CATALOGS = YES;
				MTL_ENABLE_DEBUG_INFO = NO;
				MTL_FAST_MATH = YES;
				SWIFT_COMPILATION_MODE = wholemodule;
			};
			name = Release;
		};
		5CDF40572AFB0F6C009040C6 /* Debug */ = {
			isa = XCBuildConfiguration;
			buildSettings = {
				ASSETCATALOG_COMPILER_APPICON_NAME = AppIcon;
				ASSETCATALOG_COMPILER_GLOBAL_ACCENT_COLOR_NAME = AccentColor;
				CODE_SIGN_ENTITLEMENTS = Ch33_NavSplitDemo/Ch33_NavSplitDemo.entitlements;
				CODE_SIGN_STYLE = Automatic;
				CURRENT_PROJECT_VERSION = 1;
				DEVELOPMENT_ASSET_PATHS = "\"Ch33_NavSplitDemo/Preview Content\"";
				DEVELOPMENT_TEAM = KVX67TSKSQ;
				ENABLE_HARDENED_RUNTIME = YES;
				ENABLE_PREVIEWS = YES;
				GENERATE_INFOPLIST_FILE = YES;
				"INFOPLIST_KEY_UIApplicationSceneManifest_Generation[sdk=iphoneos*]" = YES;
				"INFOPLIST_KEY_UIApplicationSceneManifest_Generation[sdk=iphonesimulator*]" = YES;
				"INFOPLIST_KEY_UIApplicationSupportsIndirectInputEvents[sdk=iphoneos*]" = YES;
				"INFOPLIST_KEY_UIApplicationSupportsIndirectInputEvents[sdk=iphonesimulator*]" = YES;
				"INFOPLIST_KEY_UILaunchScreen_Generation[sdk=iphoneos*]" = YES;
				"INFOPLIST_KEY_UILaunchScreen_Generation[sdk=iphonesimulator*]" = YES;
				"INFOPLIST_KEY_UIStatusBarStyle[sdk=iphoneos*]" = UIStatusBarStyleDefault;
				"INFOPLIST_KEY_UIStatusBarStyle[sdk=iphonesimulator*]" = UIStatusBarStyleDefault;
				INFOPLIST_KEY_UISupportedInterfaceOrientations_iPad = "UIInterfaceOrientationPortrait UIInterfaceOrientationPortraitUpsideDown UIInterfaceOrientationLandscapeLeft UIInterfaceOrientationLandscapeRight";
				INFOPLIST_KEY_UISupportedInterfaceOrientations_iPhone = "UIInterfaceOrientationPortrait UIInterfaceOrientationLandscapeLeft UIInterfaceOrientationLandscapeRight";
				IPHONEOS_DEPLOYMENT_TARGET = 16.4;
				LD_RUNPATH_SEARCH_PATHS = "@executable_path/Frameworks";
				"LD_RUNPATH_SEARCH_PATHS[sdk=macosx*]" = "@executable_path/../Frameworks";
				MACOSX_DEPLOYMENT_TARGET = 13.5;
				MARKETING_VERSION = 1.0;
				PRODUCT_BUNDLE_IDENTIFIER = "net.jihoon.Ch33-NavSplitDemo";
				PRODUCT_NAME = "$(TARGET_NAME)";
				SDKROOT = auto;
				SUPPORTED_PLATFORMS = "iphoneos iphonesimulator macosx";
				SWIFT_EMIT_LOC_STRINGS = YES;
				SWIFT_VERSION = 5.0;
				TARGETED_DEVICE_FAMILY = "1,2";
			};
			name = Debug;
		};
		5CDF40582AFB0F6C009040C6 /* Release */ = {
			isa = XCBuildConfiguration;
			buildSettings = {
				ASSETCATALOG_COMPILER_APPICON_NAME = AppIcon;
				ASSETCATALOG_COMPILER_GLOBAL_ACCENT_COLOR_NAME = AccentColor;
				CODE_SIGN_ENTITLEMENTS = Ch33_NavSplitDemo/Ch33_NavSplitDemo.entitlements;
				CODE_SIGN_STYLE = Automatic;
				CURRENT_PROJECT_VERSION = 1;
				DEVELOPMENT_ASSET_PATHS = "\"Ch33_NavSplitDemo/Preview Content\"";
				DEVELOPMENT_TEAM = KVX67TSKSQ;
				ENABLE_HARDENED_RUNTIME = YES;
				ENABLE_PREVIEWS = YES;
				GENERATE_INFOPLIST_FILE = YES;
				"INFOPLIST_KEY_UIApplicationSceneManifest_Generation[sdk=iphoneos*]" = YES;
				"INFOPLIST_KEY_UIApplicationSceneManifest_Generation[sdk=iphonesimulator*]" = YES;
				"INFOPLIST_KEY_UIApplicationSupportsIndirectInputEvents[sdk=iphoneos*]" = YES;
				"INFOPLIST_KEY_UIApplicationSupportsIndirectInputEvents[sdk=iphonesimulator*]" = YES;
				"INFOPLIST_KEY_UILaunchScreen_Generation[sdk=iphoneos*]" = YES;
				"INFOPLIST_KEY_UILaunchScreen_Generation[sdk=iphonesimulator*]" = YES;
				"INFOPLIST_KEY_UIStatusBarStyle[sdk=iphoneos*]" = UIStatusBarStyleDefault;
				"INFOPLIST_KEY_UIStatusBarStyle[sdk=iphonesimulator*]" = UIStatusBarStyleDefault;
				INFOPLIST_KEY_UISupportedInterfaceOrientations_iPad = "UIInterfaceOrientationPortrait UIInterfaceOrientationPortraitUpsideDown UIInterfaceOrientationLandscapeLeft UIInterfaceOrientationLandscapeRight";
				INFOPLIST_KEY_UISupportedInterfaceOrientations_iPhone = "UIInterfaceOrientationPortrait UIInterfaceOrientationLandscapeLeft UIInterfaceOrientationLandscapeRight";
				IPHONEOS_DEPLOYMENT_TARGET = 16.4;
				LD_RUNPATH_SEARCH_PATHS = "@executable_path/Frameworks";
				"LD_RUNPATH_SEARCH_PATHS[sdk=macosx*]" = "@executable_path/../Frameworks";
				MACOSX_DEPLOYMENT_TARGET = 13.5;
				MARKETING_VERSION = 1.0;
				PRODUCT_BUNDLE_IDENTIFIER = "net.jihoon.Ch33-NavSplitDemo";
				PRODUCT_NAME = "$(TARGET_NAME)";
				SDKROOT = auto;
				SUPPORTED_PLATFORMS = "iphoneos iphonesimulator macosx";
				SWIFT_EMIT_LOC_STRINGS = YES;
				SWIFT_VERSION = 5.0;
				TARGETED_DEVICE_FAMILY = "1,2";
			};
			name = Release;
		};
/* End XCBuildConfiguration section */

/* Begin XCConfigurationList section */
		5CDF40422AFB0F6A009040C6 /* Build configuration list for PBXProject "Ch33_NavSplitDemo" */ = {
			isa = XCConfigurationList;
			buildConfigurations = (
				5CDF40542AFB0F6C009040C6 /* Debug */,
				5CDF40552AFB0F6C009040C6 /* Release */,
			);
			defaultConfigurationIsVisible = 0;
			defaultConfigurationName = Release;
		};
		5CDF40562AFB0F6C009040C6 /* Build configuration list for PBXNativeTarget "Ch33_NavSplitDemo" */ = {
			isa = XCConfigurationList;
			buildConfigurations = (
				5CDF40572AFB0F6C009040C6 /* Debug */,
				5CDF40582AFB0F6C009040C6 /* Release */,
			);
			defaultConfigurationIsVisible = 0;
			defaultConfigurationName = Release;
		};
/* End XCConfigurationList section */
	};
	rootObject = 5CDF403F2AFB0F6A009040C6 /* Project object */;
}
