// !$*UTF8*$!
{
	archiveVersion = 1;
	classes = {
	};
	objectVersion = 56;
	objects = {

/* Begin PBXBuildFile section */
		5C52B6202AD5489400DB3DCA /* ios_01-SwiftEx04_View.swift in Sources */ = {isa = PBXBuildFile; fileRef = 5C52B61F2AD5489400DB3DCA /* ios_01-SwiftEx04_View.swift */; };
		5C52B6222AD55F8F00DB3DCA /* ios_01-SwiftEx05_View.swift in Sources */ = {isa = PBXBuildFile; fileRef = 5C52B6212AD55F8F00DB3DCA /* ios_01-SwiftEx05_View.swift */; };
		5C595E882AD4E0BD00015539 /* DemoProjectApp.swift in Sources */ = {isa = PBXBuildFile; fileRef = 5C595E872AD4E0BD00015539 /* DemoProjectApp.swift */; };
		5C595E8A2AD4E0BD00015539 /* ContentView.swift in Sources */ = {isa = PBXBuildFile; fileRef = 5C595E892AD4E0BD00015539 /* ContentView.swift */; };
		5C595E8C2AD4E0BD00015539 /* Assets.xcassets in Resources */ = {isa = PBXBuildFile; fileRef = 5C595E8B2AD4E0BD00015539 /* Assets.xcassets */; };
		5C595E8F2AD4E0BD00015539 /* Preview Assets.xcassets in Resources */ = {isa = PBXBuildFile; fileRef = 5C595E8E2AD4E0BD00015539 /* Preview Assets.xcassets */; };
		5C595E962AD50CFC00015539 /* CalcView.swift in Sources */ = {isa = PBXBuildFile; fileRef = 5C595E952AD50CFC00015539 /* CalcView.swift */; };
		5C595E9A2AD5175B00015539 /* DivideOrangeView.swift in Sources */ = {isa = PBXBuildFile; fileRef = 5C595E992AD5175A00015539 /* DivideOrangeView.swift */; };
		5C595E9C2AD51C9F00015539 /* FormatView.swift in Sources */ = {isa = PBXBuildFile; fileRef = 5C595E9B2AD51C9F00015539 /* FormatView.swift */; };
		5C6CF61C2AD65DF200CA0C99 /* ios_01-SwiftEx06_View.swift in Sources */ = {isa = PBXBuildFile; fileRef = 5C6CF61B2AD65DF200CA0C99 /* ios_01-SwiftEx06_View.swift */; };
		5C6CF61E2AD65E1200CA0C99 /* ios_01-SwiftEx07_View.swift in Sources */ = {isa = PBXBuildFile; fileRef = 5C6CF61D2AD65E1200CA0C99 /* ios_01-SwiftEx07_View.swift */; };
/* End PBXBuildFile section */

/* Begin PBXFileReference section */
		5C52B61F2AD5489400DB3DCA /* ios_01-SwiftEx04_View.swift */ = {isa = PBXFileReference; lastKnownFileType = sourcecode.swift; path = "ios_01-SwiftEx04_View.swift"; sourceTree = "<group>"; };
		5C52B6212AD55F8F00DB3DCA /* ios_01-SwiftEx05_View.swift */ = {isa = PBXFileReference; lastKnownFileType = sourcecode.swift; path = "ios_01-SwiftEx05_View.swift"; sourceTree = "<group>"; };
		5C595E842AD4E0BD00015539 /* DemoProject.app */ = {isa = PBXFileReference; explicitFileType = wrapper.application; includeInIndex = 0; path = DemoProject.app; sourceTree = BUILT_PRODUCTS_DIR; };
		5C595E872AD4E0BD00015539 /* DemoProjectApp.swift */ = {isa = PBXFileReference; lastKnownFileType = sourcecode.swift; path = DemoProjectApp.swift; sourceTree = "<group>"; };
		5C595E892AD4E0BD00015539 /* ContentView.swift */ = {isa = PBXFileReference; lastKnownFileType = sourcecode.swift; path = ContentView.swift; sourceTree = "<group>"; };
		5C595E8B2AD4E0BD00015539 /* Assets.xcassets */ = {isa = PBXFileReference; lastKnownFileType = folder.assetcatalog; path = Assets.xcassets; sourceTree = "<group>"; };
		5C595E8E2AD4E0BD00015539 /* Preview Assets.xcassets */ = {isa = PBXFileReference; lastKnownFileType = folder.assetcatalog; path = "Preview Assets.xcassets"; sourceTree = "<group>"; };
		5C595E952AD50CFC00015539 /* CalcView.swift */ = {isa = PBXFileReference; lastKnownFileType = sourcecode.swift; path = CalcView.swift; sourceTree = "<group>"; };
		5C595E992AD5175A00015539 /* DivideOrangeView.swift */ = {isa = PBXFileReference; lastKnownFileType = sourcecode.swift; path = DivideOrangeView.swift; sourceTree = "<group>"; };
		5C595E9B2AD51C9F00015539 /* FormatView.swift */ = {isa = PBXFileReference; lastKnownFileType = sourcecode.swift; path = FormatView.swift; sourceTree = "<group>"; };
		5C6CF61B2AD65DF200CA0C99 /* ios_01-SwiftEx06_View.swift */ = {isa = PBXFileReference; lastKnownFileType = sourcecode.swift; path = "ios_01-SwiftEx06_View.swift"; sourceTree = "<group>"; };
		5C6CF61D2AD65E1200CA0C99 /* ios_01-SwiftEx07_View.swift */ = {isa = PBXFileReference; lastKnownFileType = sourcecode.swift; path = "ios_01-SwiftEx07_View.swift"; sourceTree = "<group>"; };
/* End PBXFileReference section */

/* Begin PBXFrameworksBuildPhase section */
		5C595E812AD4E0BD00015539 /* Frameworks */ = {
			isa = PBXFrameworksBuildPhase;
			buildActionMask = 2147483647;
			files = (
			);
			runOnlyForDeploymentPostprocessing = 0;
		};
/* End PBXFrameworksBuildPhase section */

/* Begin PBXGroup section */
		5C595E7B2AD4E0BD00015539 = {
			isa = PBXGroup;
			children = (
				5C595E862AD4E0BD00015539 /* DemoProject */,
				5C595E852AD4E0BD00015539 /* Products */,
			);
			sourceTree = "<group>";
		};
		5C595E852AD4E0BD00015539 /* Products */ = {
			isa = PBXGroup;
			children = (
				5C595E842AD4E0BD00015539 /* DemoProject.app */,
			);
			name = Products;
			sourceTree = "<group>";
		};
		5C595E862AD4E0BD00015539 /* DemoProject */ = {
			isa = PBXGroup;
			children = (
				5C595E872AD4E0BD00015539 /* DemoProjectApp.swift */,
				5C595E892AD4E0BD00015539 /* ContentView.swift */,
				5C595E952AD50CFC00015539 /* CalcView.swift */,
				5C595E992AD5175A00015539 /* DivideOrangeView.swift */,
				5C595E9B2AD51C9F00015539 /* FormatView.swift */,
				5C52B61F2AD5489400DB3DCA /* ios_01-SwiftEx04_View.swift */,
				5C52B6212AD55F8F00DB3DCA /* ios_01-SwiftEx05_View.swift */,
				5C6CF61B2AD65DF200CA0C99 /* ios_01-SwiftEx06_View.swift */,
				5C6CF61D2AD65E1200CA0C99 /* ios_01-SwiftEx07_View.swift */,
				5C595E8B2AD4E0BD00015539 /* Assets.xcassets */,
				5C595E8D2AD4E0BD00015539 /* Preview Content */,
			);
			path = DemoProject;
			sourceTree = "<group>";
		};
		5C595E8D2AD4E0BD00015539 /* Preview Content */ = {
			isa = PBXGroup;
			children = (
				5C595E8E2AD4E0BD00015539 /* Preview Assets.xcassets */,
			);
			path = "Preview Content";
			sourceTree = "<group>";
		};
/* End PBXGroup section */

/* Begin PBXNativeTarget section */
		5C595E832AD4E0BD00015539 /* DemoProject */ = {
			isa = PBXNativeTarget;
			buildConfigurationList = 5C595E922AD4E0BD00015539 /* Build configuration list for PBXNativeTarget "DemoProject" */;
			buildPhases = (
				5C595E802AD4E0BD00015539 /* Sources */,
				5C595E812AD4E0BD00015539 /* Frameworks */,
				5C595E822AD4E0BD00015539 /* Resources */,
			);
			buildRules = (
			);
			dependencies = (
			);
			name = DemoProject;
			productName = DemoProject;
			productReference = 5C595E842AD4E0BD00015539 /* DemoProject.app */;
			productType = "com.apple.product-type.application";
		};
/* End PBXNativeTarget section */

/* Begin PBXProject section */
		5C595E7C2AD4E0BD00015539 /* Project object */ = {
			isa = PBXProject;
			attributes = {
				BuildIndependentTargetsInParallel = 1;
				LastSwiftUpdateCheck = 1500;
				LastUpgradeCheck = 1500;
				TargetAttributes = {
					5C595E832AD4E0BD00015539 = {
						CreatedOnToolsVersion = 15.0;
					};
				};
			};
			buildConfigurationList = 5C595E7F2AD4E0BD00015539 /* Build configuration list for PBXProject "DemoProject" */;
			compatibilityVersion = "Xcode 14.0";
			developmentRegion = en;
			hasScannedForEncodings = 0;
			knownRegions = (
				en,
				Base,
			);
			mainGroup = 5C595E7B2AD4E0BD00015539;
			productRefGroup = 5C595E852AD4E0BD00015539 /* Products */;
			projectDirPath = "";
			projectRoot = "";
			targets = (
				5C595E832AD4E0BD00015539 /* DemoProject */,
			);
		};
/* End PBXProject section */

/* Begin PBXResourcesBuildPhase section */
		5C595E822AD4E0BD00015539 /* Resources */ = {
			isa = PBXResourcesBuildPhase;
			buildActionMask = 2147483647;
			files = (
				5C595E8F2AD4E0BD00015539 /* Preview Assets.xcassets in Resources */,
				5C595E8C2AD4E0BD00015539 /* Assets.xcassets in Resources */,
			);
			runOnlyForDeploymentPostprocessing = 0;
		};
/* End PBXResourcesBuildPhase section */

/* Begin PBXSourcesBuildPhase section */
		5C595E802AD4E0BD00015539 /* Sources */ = {
			isa = PBXSourcesBuildPhase;
			buildActionMask = 2147483647;
			files = (
				5C6CF61C2AD65DF200CA0C99 /* ios_01-SwiftEx06_View.swift in Sources */,
				5C52B6222AD55F8F00DB3DCA /* ios_01-SwiftEx05_View.swift in Sources */,
				5C595E8A2AD4E0BD00015539 /* ContentView.swift in Sources */,
				5C595E9A2AD5175B00015539 /* DivideOrangeView.swift in Sources */,
				5C52B6202AD5489400DB3DCA /* ios_01-SwiftEx04_View.swift in Sources */,
				5C595E9C2AD51C9F00015539 /* FormatView.swift in Sources */,
				5C595E882AD4E0BD00015539 /* DemoProjectApp.swift in Sources */,
				5C6CF61E2AD65E1200CA0C99 /* ios_01-SwiftEx07_View.swift in Sources */,
				5C595E962AD50CFC00015539 /* CalcView.swift in Sources */,
			);
			runOnlyForDeploymentPostprocessing = 0;
		};
/* End PBXSourcesBuildPhase section */

/* Begin XCBuildConfiguration section */
		5C595E902AD4E0BD00015539 /* Debug */ = {
			isa = XCBuildConfiguration;
			buildSettings = {
				ALWAYS_SEARCH_USER_PATHS = NO;
				ASSETCATALOG_COMPILER_GENERATE_SWIFT_ASSET_SYMBOL_EXTENSIONS = YES;
				CLANG_ANALYZER_NONNULL = YES;
				CLANG_ANALYZER_NUMBER_OBJECT_CONVERSION = YES_AGGRESSIVE;
				CLANG_CXX_LANGUAGE_STANDARD = "gnu++20";
				CLANG_ENABLE_MODULES = YES;
				CLANG_ENABLE_OBJC_ARC = YES;
				CLANG_ENABLE_OBJC_WEAK = YES;
				CLANG_WARN_BLOCK_CAPTURE_AUTORELEASING = YES;
				CLANG_WARN_BOOL_CONVERSION = YES;
				CLANG_WARN_COMMA = YES;
				CLANG_WARN_CONSTANT_CONVERSION = YES;
				CLANG_WARN_DEPRECATED_OBJC_IMPLEMENTATIONS = YES;
				CLANG_WARN_DIRECT_OBJC_ISA_USAGE = YES_ERROR;
				CLANG_WARN_DOCUMENTATION_COMMENTS = YES;
				CLANG_WARN_EMPTY_BODY = YES;
				CLANG_WARN_ENUM_CONVERSION = YES;
				CLANG_WARN_INFINITE_RECURSION = YES;
				CLANG_WARN_INT_CONVERSION = YES;
				CLANG_WARN_NON_LITERAL_NULL_CONVERSION = YES;
				CLANG_WARN_OBJC_IMPLICIT_RETAIN_SELF = YES;
				CLANG_WARN_OBJC_LITERAL_CONVERSION = YES;
				CLANG_WARN_OBJC_ROOT_CLASS = YES_ERROR;
				CLANG_WARN_QUOTED_INCLUDE_IN_FRAMEWORK_HEADER = YES;
				CLANG_WARN_RANGE_LOOP_ANALYSIS = YES;
				CLANG_WARN_STRICT_PROTOTYPES = YES;
				CLANG_WARN_SUSPICIOUS_MOVE = YES;
				CLANG_WARN_UNGUARDED_AVAILABILITY = YES_AGGRESSIVE;
				CLANG_WARN_UNREACHABLE_CODE = YES;
				CLANG_WARN__DUPLICATE_METHOD_MATCH = YES;
				COPY_PHASE_STRIP = NO;
				DEBUG_INFORMATION_FORMAT = dwarf;
				ENABLE_STRICT_OBJC_MSGSEND = YES;
				ENABLE_TESTABILITY = YES;
				ENABLE_USER_SCRIPT_SANDBOXING = YES;
				GCC_C_LANGUAGE_STANDARD = gnu17;
				GCC_DYNAMIC_NO_PIC = NO;
				GCC_NO_COMMON_BLOCKS = YES;
				GCC_OPTIMIZATION_LEVEL = 0;
				GCC_PREPROCESSOR_DEFINITIONS = (
					"DEBUG=1",
					"$(inherited)",
				);
				GCC_WARN_64_TO_32_BIT_CONVERSION = YES;
				GCC_WARN_ABOUT_RETURN_TYPE = YES_ERROR;
				GCC_WARN_UNDECLARED_SELECTOR = YES;
				GCC_WARN_UNINITIALIZED_AUTOS = YES_AGGRESSIVE;
				GCC_WARN_UNUSED_FUNCTION = YES;
				GCC_WARN_UNUSED_VARIABLE = YES;
				IPHONEOS_DEPLOYMENT_TARGET = 17.0;
				LOCALIZATION_PREFERS_STRING_CATALOGS = YES;
				MTL_ENABLE_DEBUG_INFO = INCLUDE_SOURCE;
				MTL_FAST_MATH = YES;
				ONLY_ACTIVE_ARCH = YES;
				SDKROOT = iphoneos;
				SWIFT_ACTIVE_COMPILATION_CONDITIONS = "DEBUG $(inherited)";
				SWIFT_OPTIMIZATION_LEVEL = "-Onone";
			};
			name = Debug;
		};
		5C595E912AD4E0BD00015539 /* Release */ = {
			isa = XCBuildConfiguration;
			buildSettings = {
				ALWAYS_SEARCH_USER_PATHS = NO;
				ASSETCATALOG_COMPILER_GENERATE_SWIFT_ASSET_SYMBOL_EXTENSIONS = YES;
				CLANG_ANALYZER_NONNULL = YES;
				CLANG_ANALYZER_NUMBER_OBJECT_CONVERSION = YES_AGGRESSIVE;
				CLANG_CXX_LANGUAGE_STANDARD = "gnu++20";
				CLANG_ENABLE_MODULES = YES;
				CLANG_ENABLE_OBJC_ARC = YES;
				CLANG_ENABLE_OBJC_WEAK = YES;
				CLANG_WARN_BLOCK_CAPTURE_AUTORELEASING = YES;
				CLANG_WARN_BOOL_CONVERSION = YES;
				CLANG_WARN_COMMA = YES;
				CLANG_WARN_CONSTANT_CONVERSION = YES;
				CLANG_WARN_DEPRECATED_OBJC_IMPLEMENTATIONS = YES;
				CLANG_WARN_DIRECT_OBJC_ISA_USAGE = YES_ERROR;
				CLANG_WARN_DOCUMENTATION_COMMENTS = YES;
				CLANG_WARN_EMPTY_BODY = YES;
				CLANG_WARN_ENUM_CONVERSION = YES;
				CLANG_WARN_INFINITE_RECURSION = YES;
				CLANG_WARN_INT_CONVERSION = YES;
				CLANG_WARN_NON_LITERAL_NULL_CONVERSION = YES;
				CLANG_WARN_OBJC_IMPLICIT_RETAIN_SELF = YES;
				CLANG_WARN_OBJC_LITERAL_CONVERSION = YES;
				CLANG_WARN_OBJC_ROOT_CLASS = YES_ERROR;
				CLANG_WARN_QUOTED_INCLUDE_IN_FRAMEWORK_HEADER = YES;
				CLANG_WARN_RANGE_LOOP_ANALYSIS = YES;
				CLANG_WARN_STRICT_PROTOTYPES = YES;
				CLANG_WARN_SUSPICIOUS_MOVE = YES;
				CLANG_WARN_UNGUARDED_AVAILABILITY = YES_AGGRESSIVE;
				CLANG_WARN_UNREACHABLE_CODE = YES;
				CLANG_WARN__DUPLICATE_METHOD_MATCH = YES;
				COPY_PHASE_STRIP = NO;
				DEBUG_INFORMATION_FORMAT = "dwarf-with-dsym";
				ENABLE_NS_ASSERTIONS = NO;
				ENABLE_STRICT_OBJC_MSGSEND = YES;
				ENABLE_USER_SCRIPT_SANDBOXING = YES;
				GCC_C_LANGUAGE_STANDARD = gnu17;
				GCC_NO_COMMON_BLOCKS = YES;
				GCC_WARN_64_TO_32_BIT_CONVERSION = YES;
				GCC_WARN_ABOUT_RETURN_TYPE = YES_ERROR;
				GCC_WARN_UNDECLARED_SELECTOR = YES;
				GCC_WARN_UNINITIALIZED_AUTOS = YES_AGGRESSIVE;
				GCC_WARN_UNUSED_FUNCTION = YES;
				GCC_WARN_UNUSED_VARIABLE = YES;
				IPHONEOS_DEPLOYMENT_TARGET = 17.0;
				LOCALIZATION_PREFERS_STRING_CATALOGS = YES;
				MTL_ENABLE_DEBUG_INFO = NO;
				MTL_FAST_MATH = YES;
				SDKROOT = iphoneos;
				SWIFT_COMPILATION_MODE = wholemodule;
				VALIDATE_PRODUCT = YES;
			};
			name = Release;
		};
		5C595E932AD4E0BD00015539 /* Debug */ = {
			isa = XCBuildConfiguration;
			buildSettings = {
				ASSETCATALOG_COMPILER_APPICON_NAME = AppIcon;
				ASSETCATALOG_COMPILER_GLOBAL_ACCENT_COLOR_NAME = AccentColor;
				CODE_SIGN_STYLE = Automatic;
				CURRENT_PROJECT_VERSION = 1;
				DEVELOPMENT_ASSET_PATHS = "\"DemoProject/Preview Content\"";
				DEVELOPMENT_TEAM = KVX67TSKSQ;
				ENABLE_PREVIEWS = YES;
				GENERATE_INFOPLIST_FILE = YES;
				INFOPLIST_KEY_UIApplicationSceneManifest_Generation = YES;
				INFOPLIST_KEY_UIApplicationSupportsIndirectInputEvents = YES;
				INFOPLIST_KEY_UILaunchScreen_Generation = YES;
				INFOPLIST_KEY_UISupportedInterfaceOrientations_iPad = "UIInterfaceOrientationPortrait UIInterfaceOrientationPortraitUpsideDown UIInterfaceOrientationLandscapeLeft UIInterfaceOrientationLandscapeRight";
				INFOPLIST_KEY_UISupportedInterfaceOrientations_iPhone = "UIInterfaceOrientationPortrait UIInterfaceOrientationLandscapeLeft UIInterfaceOrientationLandscapeRight";
				IPHONEOS_DEPLOYMENT_TARGET = 16.4;
				LD_RUNPATH_SEARCH_PATHS = (
					"$(inherited)",
					"@executable_path/Frameworks",
				);
				MARKETING_VERSION = 1.0;
				PRODUCT_BUNDLE_IDENTIFIER = net.jihoon.DemoProject;
				PRODUCT_NAME = "$(TARGET_NAME)";
				SWIFT_EMIT_LOC_STRINGS = YES;
				SWIFT_VERSION = 5.0;
				TARGETED_DEVICE_FAMILY = "1,2";
			};
			name = Debug;
		};
		5C595E942AD4E0BD00015539 /* Release */ = {
			isa = XCBuildConfiguration;
			buildSettings = {
				ASSETCATALOG_COMPILER_APPICON_NAME = AppIcon;
				ASSETCATALOG_COMPILER_GLOBAL_ACCENT_COLOR_NAME = AccentColor;
				CODE_SIGN_STYLE = Automatic;
				CURRENT_PROJECT_VERSION = 1;
				DEVELOPMENT_ASSET_PATHS = "\"DemoProject/Preview Content\"";
				DEVELOPMENT_TEAM = KVX67TSKSQ;
				ENABLE_PREVIEWS = YES;
				GENERATE_INFOPLIST_FILE = YES;
				INFOPLIST_KEY_UIApplicationSceneManifest_Generation = YES;
				INFOPLIST_KEY_UIApplicationSupportsIndirectInputEvents = YES;
				INFOPLIST_KEY_UILaunchScreen_Generation = YES;
				INFOPLIST_KEY_UISupportedInterfaceOrientations_iPad = "UIInterfaceOrientationPortrait UIInterfaceOrientationPortraitUpsideDown UIInterfaceOrientationLandscapeLeft UIInterfaceOrientationLandscapeRight";
				INFOPLIST_KEY_UISupportedInterfaceOrientations_iPhone = "UIInterfaceOrientationPortrait UIInterfaceOrientationLandscapeLeft UIInterfaceOrientationLandscapeRight";
				IPHONEOS_DEPLOYMENT_TARGET = 16.4;
				LD_RUNPATH_SEARCH_PATHS = (
					"$(inherited)",
					"@executable_path/Frameworks",
				);
				MARKETING_VERSION = 1.0;
				PRODUCT_BUNDLE_IDENTIFIER = net.jihoon.DemoProject;
				PRODUCT_NAME = "$(TARGET_NAME)";
				SWIFT_EMIT_LOC_STRINGS = YES;
				SWIFT_VERSION = 5.0;
				TARGETED_DEVICE_FAMILY = "1,2";
			};
			name = Release;
		};
/* End XCBuildConfiguration section */

/* Begin XCConfigurationList section */
		5C595E7F2AD4E0BD00015539 /* Build configuration list for PBXProject "DemoProject" */ = {
			isa = XCConfigurationList;
			buildConfigurations = (
				5C595E902AD4E0BD00015539 /* Debug */,
				5C595E912AD4E0BD00015539 /* Release */,
			);
			defaultConfigurationIsVisible = 0;
			defaultConfigurationName = Release;
		};
		5C595E922AD4E0BD00015539 /* Build configuration list for PBXNativeTarget "DemoProject" */ = {
			isa = XCConfigurationList;
			buildConfigurations = (
				5C595E932AD4E0BD00015539 /* Debug */,
				5C595E942AD4E0BD00015539 /* Release */,
			);
			defaultConfigurationIsVisible = 0;
			defaultConfigurationName = Release;
		};
/* End XCConfigurationList section */
	};
	rootObject = 5C595E7C2AD4E0BD00015539 /* Project object */;
}
